
Microsoft Visual Studio Solution File, Format Version 12.00
# Visual Studio Version 17
VisualStudioVersion = 17.7.34031.279
MinimumVisualStudioVersion = 10.0.40219.1
Project("{FAE04EC0-301F-11D3-BF4B-00C04F79EFBC}") = "Blog", "Blog\Blog.csproj", "{EE921351-FC65-44CB-9949-B4A97C9C23FB}"
EndProject
Global
	GlobalSection(SolutionConfigurationPlatforms) = preSolution
		Debug|Any CPU = Debug|Any CPU
		Release|Any CPU = Release|Any CPU
	EndGlobalSection
	GlobalSection(ProjectConfigurationPlatforms) = postSolution
		{EE921351-FC65-44CB-9949-B4A97C9C23FB}.Debug|Any CPU.ActiveCfg = Debug|Any CPU
		{EE921351-FC65-44CB-9949-B4A97C9C23FB}.Debug|Any CPU.Build.0 = Debug|Any CPU
		{EE921351-FC65-44CB-9949-B4A97C9C23FB}.Release|Any CPU.ActiveCfg = Release|Any CPU
		{EE921351-FC65-44CB-9949-B4A97C9C23FB}.Release|Any CPU.Build.0 = Release|Any CPU
	EndGlobalSection
	GlobalSection(SolutionProperties) = preSolution
		HideSolutionNode = FALSE
	EndGlobalSection
	GlobalSection(ExtensibilityGlobals) = postSolution
		SolutionGuid = {288E2D81-693B-4677-A1D2-6793E325F8BA}
	EndGlobalSection
EndGlobal
